
Microsoft Visual Studio Solution File, Format Version 11.00
# Visual Studio 2010
Project("{FAE04EC0-301F-11D3-BF4B-00C04F79EFBC}") = "Assembly-CSharp", "Assembly-CSharp.csproj", "{5f2e2ba0-6493-b638-2950-667bdb143d3b}"
EndProject
Project("{FAE04EC0-301F-11D3-BF4B-00C04F79EFBC}") = "PhotonUnityNetworking.Demos", "PhotonUnityNetworking.Demos.csproj", "{2c0a6fbc-1e32-6814-e346-b15b6541a116}"
EndProject
Project("{FAE04EC0-301F-11D3-BF4B-00C04F79EFBC}") = "PhotonRealtime", "PhotonRealtime.csproj", "{6f6c25d3-ec91-942d-b97b-43be7152b744}"
EndProject
Project("{FAE04EC0-301F-11D3-BF4B-00C04F79EFBC}") = "PhotonUnityNetworking", "PhotonUnityNetworking.csproj", "{cd2848ea-6668-7293-962e-2c866e4419fd}"
EndProject
Project("{FAE04EC0-301F-11D3-BF4B-00C04F79EFBC}") = "PhotonUnityNetworking.Utilities", "PhotonUnityNetworking.Utilities.csproj", "{1c431d92-7ebb-b9fd-eb4e-4256ef781c88}"
EndProject
Project("{FAE04EC0-301F-11D3-BF4B-00C04F79EFBC}") = "PhotonChat", "PhotonChat.csproj", "{ba49acc8-6647-3b95-8231-982a84fc17b4}"
EndProject
Project("{FAE04EC0-301F-11D3-BF4B-00C04F79EFBC}") = "PhotonUnityNetworking.Editor", "PhotonUnityNetworking.Editor.csproj", "{65e293e7-cda2-c59c-a268-9e818ceda933}"
EndProject
Project("{FAE04EC0-301F-11D3-BF4B-00C04F79EFBC}") = "PhotonUnityNetworking.Utilities.PhotonPlayer.Editor", "PhotonUnityNetworking.Utilities.PhotonPlayer.Editor.csproj", "{ea6b7adc-abaa-4704-928e-72c4666bb4a3}"
EndProject
Project("{FAE04EC0-301F-11D3-BF4B-00C04F79EFBC}") = "PunDemos.DemoSlotcarEditor", "PunDemos.DemoSlotcarEditor.csproj", "{2e1cdd60-7a05-e815-a9d9-a406ac2e2220}"
EndProject
Project("{FAE04EC0-301F-11D3-BF4B-00C04F79EFBC}") = "PhotonUnityNetworking.Utilities.Culling.Editor", "PhotonUnityNetworking.Utilities.Culling.Editor.csproj", "{ab8141df-eca2-1c66-e632-4ec02d48aeb7}"
EndProject
Project("{FAE04EC0-301F-11D3-BF4B-00C04F79EFBC}") = "PunDemos.DemoHubEditor", "PunDemos.DemoHubEditor.csproj", "{273e83df-1ec7-0573-9e78-9f1394443ec4}"
EndProject
Project("{FAE04EC0-301F-11D3-BF4B-00C04F79EFBC}") = "Assembly-CSharp-Editor", "Assembly-CSharp-Editor.csproj", "{5726261e-f354-a6b0-806c-083b55c78332}"
EndProject
Global
	GlobalSection(SolutionConfigurationPlatforms) = preSolution
		Debug|Any CPU = Debug|Any CPU
	EndGlobalSection
	GlobalSection(ProjectConfigurationPlatforms) = postSolution
		{5f2e2ba0-6493-b638-2950-667bdb143d3b}.Debug|Any CPU.ActiveCfg = Debug|Any CPU
		{5f2e2ba0-6493-b638-2950-667bdb143d3b}.Debug|Any CPU.Build.0 = Debug|Any CPU
		{2c0a6fbc-1e32-6814-e346-b15b6541a116}.Debug|Any CPU.ActiveCfg = Debug|Any CPU
		{2c0a6fbc-1e32-6814-e346-b15b6541a116}.Debug|Any CPU.Build.0 = Debug|Any CPU
		{6f6c25d3-ec91-942d-b97b-43be7152b744}.Debug|Any CPU.ActiveCfg = Debug|Any CPU
		{6f6c25d3-ec91-942d-b97b-43be7152b744}.Debug|Any CPU.Build.0 = Debug|Any CPU
		{cd2848ea-6668-7293-962e-2c866e4419fd}.Debug|Any CPU.ActiveCfg = Debug|Any CPU
		{cd2848ea-6668-7293-962e-2c866e4419fd}.Debug|Any CPU.Build.0 = Debug|Any CPU
		{1c431d92-7ebb-b9fd-eb4e-4256ef781c88}.Debug|Any CPU.ActiveCfg = Debug|Any CPU
		{1c431d92-7ebb-b9fd-eb4e-4256ef781c88}.Debug|Any CPU.Build.0 = Debug|Any CPU
		{ba49acc8-6647-3b95-8231-982a84fc17b4}.Debug|Any CPU.ActiveCfg = Debug|Any CPU
		{ba49acc8-6647-3b95-8231-982a84fc17b4}.Debug|Any CPU.Build.0 = Debug|Any CPU
		{65e293e7-cda2-c59c-a268-9e818ceda933}.Debug|Any CPU.ActiveCfg = Debug|Any CPU
		{65e293e7-cda2-c59c-a268-9e818ceda933}.Debug|Any CPU.Build.0 = Debug|Any CPU
		{ea6b7adc-abaa-4704-928e-72c4666bb4a3}.Debug|Any CPU.ActiveCfg = Debug|Any CPU
		{ea6b7adc-abaa-4704-928e-72c4666bb4a3}.Debug|Any CPU.Build.0 = Debug|Any CPU
		{2e1cdd60-7a05-e815-a9d9-a406ac2e2220}.Debug|Any CPU.ActiveCfg = Debug|Any CPU
		{2e1cdd60-7a05-e815-a9d9-a406ac2e2220}.Debug|Any CPU.Build.0 = Debug|Any CPU
		{ab8141df-eca2-1c66-e632-4ec02d48aeb7}.Debug|Any CPU.ActiveCfg = Debug|Any CPU
		{ab8141df-eca2-1c66-e632-4ec02d48aeb7}.Debug|Any CPU.Build.0 = Debug|Any CPU
		{273e83df-1ec7-0573-9e78-9f1394443ec4}.Debug|Any CPU.ActiveCfg = Debug|Any CPU
		{273e83df-1ec7-0573-9e78-9f1394443ec4}.Debug|Any CPU.Build.0 = Debug|Any CPU
		{5726261e-f354-a6b0-806c-083b55c78332}.Debug|Any CPU.ActiveCfg = Debug|Any CPU
		{5726261e-f354-a6b0-806c-083b55c78332}.Debug|Any CPU.Build.0 = Debug|Any CPU
	EndGlobalSection
	GlobalSection(SolutionProperties) = preSolution
		HideSolutionNode = FALSE
	EndGlobalSection
EndGlobal
